<?xml version="1.0" encoding="utf-8"?>
<Project ToolsVersion="4.0" xmlns="http://schemas.microsoft.com/developer/msbuild/2003">
  <ItemGroup>
    <ClCompile Include="D3D12HelloConstBuffers.cpp">
      <Filter>Private</Filter>
    </ClCompile>
    <ClCompile Include="DXSample.cpp">
      <Filter>Private</Filter>
    </ClCompile>
    <ClCompile Include="Main.cpp">
      <Filter>Private</Filter>
    </ClCompile>
    <ClCompile Include="stdafx.cpp">
      <Filter>Private</Filter>
    </ClCompile>
    <ClCompile Include="Win32Application.cpp">
      <Filter>Private</Filter>
    </ClCompile>
    <ClCompile Include="WaveManager.cpp">
      <Filter>Private\WaveGraphics</Filter>
    </ClCompile>
    <ClCompile Include="WBuffer.cpp">
      <Filter>Private\WaveGraphics</Filter>
    </ClCompile>
    <ClCompile Include="WTexture.cpp">
      <Filter>Private\WaveGraphics</Filter>
    </ClCompile>
    <ClCompile Include="WDescriptorHeapManager.cpp">
      <Filter>Private\WaveGraphics</Filter>
    </ClCompile>
    <ClCompile Include="WUploadManager.cpp">
      <Filter>Private\WaveGraphics</Filter>
    </ClCompile>
    <ClCompile Include="WRootSigniture.cpp">
      <Filter>Private\WaveGraphics</Filter>
    </ClCompile>
    <ClCompile Include="WSampler.cpp">
      <Filter>Private\WaveGraphics</Filter>
    </ClCompile>
    <ClCompile Include="WResourceManager.cpp">
      <Filter>Private\WaveGraphics</Filter>
    </ClCompile>
    <ClCompile Include="WMesh.cpp">
      <Filter>Private\WaveGraphics</Filter>
    </ClCompile>
  </ItemGroup>
  <ItemGroup>
    <ClInclude Include="D3D12HelloConstBuffers.h">
      <Filter>Public</Filter>
    </ClInclude>
    <ClInclude Include="DXSample.h">
      <Filter>Public</Filter>
    </ClInclude>
    <ClInclude Include="DXSampleHelper.h">
      <Filter>Public</Filter>
    </ClInclude>
    <ClInclude Include="stdafx.h">
      <Filter>Public</Filter>
    </ClInclude>
    <ClInclude Include="Win32Application.h">
      <Filter>Public</Filter>
    </ClInclude>
    <ClInclude Include="WaveManager.h">
      <Filter>Public\WaveGraphics</Filter>
    </ClInclude>
    <ClInclude Include="WBuffer.h">
      <Filter>Public\WaveGraphics</Filter>
    </ClInclude>
    <ClInclude Include="WTexture.h">
      <Filter>Public\WaveGraphics</Filter>
    </ClInclude>
    <ClInclude Include="WDescriptorHeapManager.h">
      <Filter>Public\WaveGraphics</Filter>
    </ClInclude>
    <ClInclude Include="WUploadManager.h">
      <Filter>Public\WaveGraphics</Filter>
    </ClInclude>
    <ClInclude Include="WRootSigniture.h">
      <Filter>Public\WaveGraphics</Filter>
    </ClInclude>
    <ClInclude Include="WSampler.h">
      <Filter>Public\WaveGraphics</Filter>
    </ClInclude>
    <ClInclude Include="WResourceManager.h">
      <Filter>Public\WaveGraphics</Filter>
    </ClInclude>
    <ClInclude Include="WMesh.h">
      <Filter>Public\WaveGraphics</Filter>
    </ClInclude>
    <ClInclude Include="WResource.h">
      <Filter>Public</Filter>
    </ClInclude>
  </ItemGroup>
  <ItemGroup>
    <None Include="packages.config" />
  </ItemGroup>
  <ItemGroup>
    <Filter Include="Public">
      <UniqueIdentifier>{5a5739a5-080c-45dc-be07-7115de92d090}</UniqueIdentifier>
    </Filter>
    <Filter Include="Private">
      <UniqueIdentifier>{35199977-7d72-4380-966c-1592606ddd8e}</UniqueIdentifier>
    </Filter>
    <Filter Include="Resources">
      <UniqueIdentifier>{7ca4d5b8-3333-4c25-b58e-c72b12808e79}</UniqueIdentifier>
    </Filter>
    <Filter Include="Resources\Shaders">
      <UniqueIdentifier>{db58a1c8-a43b-4097-add1-02c60d6bb94b}</UniqueIdentifier>
    </Filter>
    <Filter Include="Private\WaveGraphics">
      <UniqueIdentifier>{ed4949ad-8779-41df-9c4c-dd8f90082e19}</UniqueIdentifier>
    </Filter>
    <Filter Include="Public\WaveGraphics">
      <UniqueIdentifier>{4dee9a5e-3e3f-445a-877e-df39eb8f46e4}</UniqueIdentifier>
    </Filter>
  </ItemGroup>
  <ItemGroup>
    <CustomBuild Include="shaders.hlsl">
      <Filter>Resources\Shaders</Filter>
    </CustomBuild>
  </ItemGroup>
</Project>