<?xml version="1.0" encoding="utf-8"?>
<Project ToolsVersion="4.0" xmlns="http://schemas.microsoft.com/developer/msbuild/2003">
  <ItemGroup>
    <ClCompile Include="Main.cpp">
      <Filter>Private</Filter>
    </ClCompile>
    <ClCompile Include="stdafx.cpp">
      <Filter>Private</Filter>
    </ClCompile>
    <ClCompile Include="WaveManager.cpp">
      <Filter>Private\WaveGraphics</Filter>
    </ClCompile>
    <ClCompile Include="WBuffer.cpp">
      <Filter>Private\WaveGraphics</Filter>
    </ClCompile>
    <ClCompile Include="WTexture.cpp">
      <Filter>Private\WaveGraphics</Filter>
    </ClCompile>
    <ClCompile Include="WDescriptorHeapManager.cpp">
      <Filter>Private\WaveGraphics</Filter>
    </ClCompile>
    <ClCompile Include="WUploadManager.cpp">
      <Filter>Private\WaveGraphics</Filter>
    </ClCompile>
    <ClCompile Include="WRootSigniture.cpp">
      <Filter>Private\WaveGraphics</Filter>
    </ClCompile>
    <ClCompile Include="WSampler.cpp">
      <Filter>Private\WaveGraphics</Filter>
    </ClCompile>
    <ClCompile Include="WResourceManager.cpp">
      <Filter>Private\WaveGraphics</Filter>
    </ClCompile>
    <ClCompile Include="WMesh.cpp">
      <Filter>Private\WaveGraphics</Filter>
    </ClCompile>
    <ClCompile Include="WShader.cpp">
      <Filter>Private\WaveGraphics</Filter>
    </ClCompile>
    <ClCompile Include="WPipeline.cpp">
      <Filter>Private\WaveGraphics</Filter>
    </ClCompile>
    <ClCompile Include="WCamera.cpp">
      <Filter>Private\WaveGraphics</Filter>
    </ClCompile>
    <ClCompile Include="WMeshBuilder.cpp">
      <Filter>Private\WaveGraphics</Filter>
    </ClCompile>
    <ClCompile Include="WMaterial.cpp">
      <Filter>Private\WaveGraphics</Filter>
    </ClCompile>
    <ClCompile Include="WTextureLoader.cpp">
      <Filter>Private\WaveGraphics</Filter>
    </ClCompile>
    <ClCompile Include="WMeshLoader.cpp">
      <Filter>Private\WaveGraphics</Filter>
    </ClCompile>
    <ClCompile Include="WMaths.cpp">
      <Filter>Private</Filter>
    </ClCompile>
    <ClCompile Include="WInput.cpp">
      <Filter>Private\WaveGraphics</Filter>
    </ClCompile>
  </ItemGroup>
  <ItemGroup>
    <ClInclude Include="stdafx.h">
      <Filter>Public</Filter>
    </ClInclude>
    <ClInclude Include="WaveManager.h">
      <Filter>Public\WaveGraphics</Filter>
    </ClInclude>
    <ClInclude Include="WBuffer.h">
      <Filter>Public\WaveGraphics</Filter>
    </ClInclude>
    <ClInclude Include="WTexture.h">
      <Filter>Public\WaveGraphics</Filter>
    </ClInclude>
    <ClInclude Include="WDescriptorHeapManager.h">
      <Filter>Public\WaveGraphics</Filter>
    </ClInclude>
    <ClInclude Include="WUploadManager.h">
      <Filter>Public\WaveGraphics</Filter>
    </ClInclude>
    <ClInclude Include="WRootSigniture.h">
      <Filter>Public\WaveGraphics</Filter>
    </ClInclude>
    <ClInclude Include="WSampler.h">
      <Filter>Public\WaveGraphics</Filter>
    </ClInclude>
    <ClInclude Include="WResourceManager.h">
      <Filter>Public\WaveGraphics</Filter>
    </ClInclude>
    <ClInclude Include="WMesh.h">
      <Filter>Public\WaveGraphics</Filter>
    </ClInclude>
    <ClInclude Include="WShader.h">
      <Filter>Public\WaveGraphics</Filter>
    </ClInclude>
    <ClInclude Include="WPipeline.h">
      <Filter>Public\WaveGraphics</Filter>
    </ClInclude>
    <ClInclude Include="WResource.h">
      <Filter>Public\WaveGraphics</Filter>
    </ClInclude>
    <ClInclude Include="WCamera.h">
      <Filter>Public\WaveGraphics</Filter>
    </ClInclude>
    <ClInclude Include="WMeshBuilder.h">
      <Filter>Public\WaveGraphics</Filter>
    </ClInclude>
    <ClInclude Include="WMaterial.h">
      <Filter>Public\WaveGraphics</Filter>
    </ClInclude>
    <ClInclude Include="WTextureLoader.h">
      <Filter>Public\WaveGraphics</Filter>
    </ClInclude>
    <ClInclude Include="TinyObjLoader\tiny_obj_loader.h">
      <Filter>Public\WaveGraphics</Filter>
    </ClInclude>
    <ClInclude Include="WMeshLoader.h">
      <Filter>Public\WaveGraphics</Filter>
    </ClInclude>
    <ClInclude Include="WMaths.h">
      <Filter>Public</Filter>
    </ClInclude>
    <ClInclude Include="WInput.h">
      <Filter>Public\WaveGraphics</Filter>
    </ClInclude>
  </ItemGroup>
  <ItemGroup>
    <None Include="packages.config" />
  </ItemGroup>
  <ItemGroup>
    <Filter Include="Public">
      <UniqueIdentifier>{5a5739a5-080c-45dc-be07-7115de92d090}</UniqueIdentifier>
    </Filter>
    <Filter Include="Private">
      <UniqueIdentifier>{35199977-7d72-4380-966c-1592606ddd8e}</UniqueIdentifier>
    </Filter>
    <Filter Include="Private\WaveGraphics">
      <UniqueIdentifier>{ed4949ad-8779-41df-9c4c-dd8f90082e19}</UniqueIdentifier>
    </Filter>
    <Filter Include="Public\WaveGraphics">
      <UniqueIdentifier>{4dee9a5e-3e3f-445a-877e-df39eb8f46e4}</UniqueIdentifier>
    </Filter>
  </ItemGroup>
</Project>